{
    "_meta": {
        "hash": {
            "sha256": "4e2f92539310263746373e8e7767e75dd601122d6497f7dbc650e81fea92f719"
        },
        "pipfile-spec": 6,
        "requires": {
            "python_version": "3.9"
        },
        "sources": [
            {
                "name": "pypi",
                "url": "https://pypi.python.org/simple",
                "verify_ssl": true
            }
        ]
    },
    "default": {
        "certifi": {
            "hashes": [
                "sha256:0569859f95fc761b18b45ef421b1290a0f65f147e92a1e5eb3e635f9a5e4e66f",
                "sha256:dc383c07b76109f368f6106eee2b593b04a011ea4d55f652c6ca24a754d1cdd1"
            ],
            "markers": "python_version >= '3.6'",
            "version": "==2024.2.2"
        },
        "charset-normalizer": {
            "hashes": [
                "sha256:06435b539f889b1f6f4ac1758871aae42dc3a8c0e24ac9e60c2384973ad73027",
                "sha256:06a81e93cd441c56a9b65d8e1d043daeb97a3d0856d177d5c90ba85acb3db087",
                "sha256:0a55554a2fa0d408816b3b5cedf0045f4b8e1a6065aec45849de2d6f3f8e9786",
                "sha256:0b2b64d2bb6d3fb9112bafa732def486049e63de9618b5843bcdd081d8144cd8",
                "sha256:10955842570876604d404661fbccbc9c7e684caf432c09c715ec38fbae45ae09",
                "sha256:122c7fa62b130ed55f8f285bfd56d5f4b4a5b503609d181f9ad85e55c89f4185",
                "sha256:1ceae2f17a9c33cb48e3263960dc5fc8005351ee19db217e9b1bb15d28c02574",
                "sha256:1d3193f4a680c64b4b6a9115943538edb896edc190f0b222e73761716519268e",
                "sha256:1f79682fbe303db92bc2b1136016a38a42e835d932bab5b3b1bfcfbf0640e519",
                "sha256:2127566c664442652f024c837091890cb1942c30937add288223dc895793f898",
                "sha256:22afcb9f253dac0696b5a4be4a1c0f8762f8239e21b99680099abd9b2b1b2269",
                "sha256:25baf083bf6f6b341f4121c2f3c548875ee6f5339300e08be3f2b2ba1721cdd3",
                "sha256:2e81c7b9c8979ce92ed306c249d46894776a909505d8f5a4ba55b14206e3222f",
                "sha256:3287761bc4ee9e33561a7e058c72ac0938c4f57fe49a09eae428fd88aafe7bb6",
                "sha256:34d1c8da1e78d2e001f363791c98a272bb734000fcef47a491c1e3b0505657a8",
                "sha256:37e55c8e51c236f95b033f6fb391d7d7970ba5fe7ff453dad675e88cf303377a",
                "sha256:3d47fa203a7bd9c5b6cee4736ee84ca03b8ef23193c0d1ca99b5089f72645c73",
                "sha256:3e4d1f6587322d2788836a99c69062fbb091331ec940e02d12d179c1d53e25fc",
                "sha256:42cb296636fcc8b0644486d15c12376cb9fa75443e00fb25de0b8602e64c1714",
                "sha256:45485e01ff4d3630ec0d9617310448a8702f70e9c01906b0d0118bdf9d124cf2",
                "sha256:4a78b2b446bd7c934f5dcedc588903fb2f5eec172f3d29e52a9096a43722adfc",
                "sha256:4ab2fe47fae9e0f9dee8c04187ce5d09f48eabe611be8259444906793ab7cbce",
                "sha256:4d0d1650369165a14e14e1e47b372cfcb31d6ab44e6e33cb2d4e57265290044d",
                "sha256:549a3a73da901d5bc3ce8d24e0600d1fa85524c10287f6004fbab87672bf3e1e",
                "sha256:55086ee1064215781fff39a1af09518bc9255b50d6333f2e4c74ca09fac6a8f6",
                "sha256:572c3763a264ba47b3cf708a44ce965d98555f618ca42c926a9c1616d8f34269",
                "sha256:573f6eac48f4769d667c4442081b1794f52919e7edada77495aaed9236d13a96",
                "sha256:5b4c145409bef602a690e7cfad0a15a55c13320ff7a3ad7ca59c13bb8ba4d45d",
                "sha256:6463effa3186ea09411d50efc7d85360b38d5f09b870c48e4600f63af490e56a",
                "sha256:65f6f63034100ead094b8744b3b97965785388f308a64cf8d7c34f2f2e5be0c4",
                "sha256:663946639d296df6a2bb2aa51b60a2454ca1cb29835324c640dafb5ff2131a77",
                "sha256:6897af51655e3691ff853668779c7bad41579facacf5fd7253b0133308cf000d",
                "sha256:68d1f8a9e9e37c1223b656399be5d6b448dea850bed7d0f87a8311f1ff3dabb0",
                "sha256:6ac7ffc7ad6d040517be39eb591cac5ff87416c2537df6ba3cba3bae290c0fed",
                "sha256:6b3251890fff30ee142c44144871185dbe13b11bab478a88887a639655be1068",
                "sha256:6c4caeef8fa63d06bd437cd4bdcf3ffefe6738fb1b25951440d80dc7df8c03ac",
                "sha256:6ef1d82a3af9d3eecdba2321dc1b3c238245d890843e040e41e470ffa64c3e25",
                "sha256:753f10e867343b4511128c6ed8c82f7bec3bd026875576dfd88483c5c73b2fd8",
                "sha256:7cd13a2e3ddeed6913a65e66e94b51d80a041145a026c27e6bb76c31a853c6ab",
                "sha256:7ed9e526742851e8d5cc9e6cf41427dfc6068d4f5a3bb03659444b4cabf6bc26",
                "sha256:7f04c839ed0b6b98b1a7501a002144b76c18fb1c1850c8b98d458ac269e26ed2",
                "sha256:802fe99cca7457642125a8a88a084cef28ff0cf9407060f7b93dca5aa25480db",
                "sha256:80402cd6ee291dcb72644d6eac93785fe2c8b9cb30893c1af5b8fdd753b9d40f",
                "sha256:8465322196c8b4d7ab6d1e049e4c5cb460d0394da4a27d23cc242fbf0034b6b5",
                "sha256:86216b5cee4b06df986d214f664305142d9c76df9b6512be2738aa72a2048f99",
                "sha256:87d1351268731db79e0f8e745d92493ee2841c974128ef629dc518b937d9194c",
                "sha256:8bdb58ff7ba23002a4c5808d608e4e6c687175724f54a5dade5fa8c67b604e4d",
                "sha256:8c622a5fe39a48f78944a87d4fb8a53ee07344641b0562c540d840748571b811",
                "sha256:8d756e44e94489e49571086ef83b2bb8ce311e730092d2c34ca8f7d925cb20aa",
                "sha256:8f4a014bc36d3c57402e2977dada34f9c12300af536839dc38c0beab8878f38a",
                "sha256:9063e24fdb1e498ab71cb7419e24622516c4a04476b17a2dab57e8baa30d6e03",
                "sha256:90d558489962fd4918143277a773316e56c72da56ec7aa3dc3dbbe20fdfed15b",
                "sha256:923c0c831b7cfcb071580d3f46c4baf50f174be571576556269530f4bbd79d04",
                "sha256:95f2a5796329323b8f0512e09dbb7a1860c46a39da62ecb2324f116fa8fdc85c",
                "sha256:96b02a3dc4381e5494fad39be677abcb5e6634bf7b4fa83a6dd3112607547001",
                "sha256:9f96df6923e21816da7e0ad3fd47dd8f94b2a5ce594e00677c0013018b813458",
                "sha256:a10af20b82360ab00827f916a6058451b723b4e65030c5a18577c8b2de5b3389",
                "sha256:a50aebfa173e157099939b17f18600f72f84eed3049e743b68ad15bd69b6bf99",
                "sha256:a981a536974bbc7a512cf44ed14938cf01030a99e9b3a06dd59578882f06f985",
                "sha256:a9a8e9031d613fd2009c182b69c7b2c1ef8239a0efb1df3f7c8da66d5dd3d537",
                "sha256:ae5f4161f18c61806f411a13b0310bea87f987c7d2ecdbdaad0e94eb2e404238",
                "sha256:aed38f6e4fb3f5d6bf81bfa990a07806be9d83cf7bacef998ab1a9bd660a581f",
                "sha256:b01b88d45a6fcb69667cd6d2f7a9aeb4bf53760d7fc536bf679ec94fe9f3ff3d",
                "sha256:b261ccdec7821281dade748d088bb6e9b69e6d15b30652b74cbbac25e280b796",
                "sha256:b2b0a0c0517616b6869869f8c581d4eb2dd83a4d79e0ebcb7d373ef9956aeb0a",
                "sha256:b4a23f61ce87adf89be746c8a8974fe1c823c891d8f86eb218bb957c924bb143",
                "sha256:bd8f7df7d12c2db9fab40bdd87a7c09b1530128315d047a086fa3ae3435cb3a8",
                "sha256:beb58fe5cdb101e3a055192ac291b7a21e3b7ef4f67fa1d74e331a7f2124341c",
                "sha256:c002b4ffc0be611f0d9da932eb0f704fe2602a9a949d1f738e4c34c75b0863d5",
                "sha256:c083af607d2515612056a31f0a8d9e0fcb5876b7bfc0abad3ecd275bc4ebc2d5",
                "sha256:c180f51afb394e165eafe4ac2936a14bee3eb10debc9d9e4db8958fe36afe711",
                "sha256:c235ebd9baae02f1b77bcea61bce332cb4331dc3617d254df3323aa01ab47bd4",
                "sha256:cd70574b12bb8a4d2aaa0094515df2463cb429d8536cfb6c7ce983246983e5a6",
                "sha256:d0eccceffcb53201b5bfebb52600a5fb483a20b61da9dbc885f8b103cbe7598c",
                "sha256:d965bba47ddeec8cd560687584e88cf699fd28f192ceb452d1d7ee807c5597b7",
                "sha256:db364eca23f876da6f9e16c9da0df51aa4f104a972735574842618b8c6d999d4",
                "sha256:ddbb2551d7e0102e7252db79ba445cdab71b26640817ab1e3e3648dad515003b",
                "sha256:deb6be0ac38ece9ba87dea880e438f25ca3eddfac8b002a2ec3d9183a454e8ae",
                "sha256:e06ed3eb3218bc64786f7db41917d4e686cc4856944f53d5bdf83a6884432e12",
                "sha256:e27ad930a842b4c5eb8ac0016b0a54f5aebbe679340c26101df33424142c143c",
                "sha256:e537484df0d8f426ce2afb2d0f8e1c3d0b114b83f8850e5f2fbea0e797bd82ae",
                "sha256:eb00ed941194665c332bf8e078baf037d6c35d7c4f3102ea2d4f16ca94a26dc8",
                "sha256:eb6904c354526e758fda7167b33005998fb68c46fbc10e013ca97f21ca5c8887",
                "sha256:eb8821e09e916165e160797a6c17edda0679379a4be5c716c260e836e122f54b",
                "sha256:efcb3f6676480691518c177e3b465bcddf57cea040302f9f4e6e191af91174d4",
                "sha256:f27273b60488abe721a075bcca6d7f3964f9f6f067c8c4c605743023d7d3944f",
                "sha256:f30c3cb33b24454a82faecaf01b19c18562b1e89558fb6c56de4d9118a032fd5",
                "sha256:fb69256e180cb6c8a894fee62b3afebae785babc1ee98b81cdf68bbca1987f33",
                "sha256:fd1abc0d89e30cc4e02e4064dc67fcc51bd941eb395c502aac3ec19fab46b519",
                "sha256:ff8fa367d09b717b2a17a052544193ad76cd49979c805768879cb63d9ca50561"
            ],
            "markers": "python_full_version >= '3.7.0'",
            "version": "==3.3.2"
        },
        "idna": {
            "hashes": [
                "sha256:028ff3aadf0609c1fd278d8ea3089299412a7a8b9bd005dd08b9f8285bcb5cfc",
                "sha256:82fee1fc78add43492d3a1898bfa6d8a904cc97d8427f683ed8e798d07761aa0"
            ],
            "markers": "python_version >= '3.5'",
            "version": "==3.7"
        },
        "json-tricks": {
            "hashes": [
                "sha256:3432a602773b36ff0fe5b94a74f5de8612c843a256724e15c32f9f669844b6ef",
                "sha256:bdf7d8677bccea722984be7f68946a981e4f50c21901e292d71b9c0c60a4ace3"
            ],
            "index": "pypi",
            "version": "==3.15.5"
        },
        "nose": {
            "hashes": [
                "sha256:9ff7c6cc443f8c51994b34a667bbcf45afd6d945be7477b52e97516fd17c53ac",
                "sha256:dadcddc0aefbf99eea214e0f1232b94f2fa9bd98fa8353711dacb112bfcbbb2a",
                "sha256:f1bffef9cbc82628f6e7d7b40d7e255aefaa1adb6a1b1d26c69a8b79e6208a98"
            ],
            "index": "pypi",
            "version": "==1.3.7"
        },
        "pytimeparse": {
            "hashes": [
                "sha256:04b7be6cc8bd9f5647a6325444926c3ac34ee6bc7e69da4367ba282f076036bd",
                "sha256:e86136477be924d7e670646a98561957e8ca7308d44841e21f5ddea757556a0a"
            ],
            "index": "pypi",
            "version": "==1.1.8"
        },
        "pyyaml": {
            "hashes": [
                "sha256:01b45c0191e6d66c470b6cf1b9531a771a83c1c4208272ead47a3ae4f2f603bf",
                "sha256:0283c35a6a9fbf047493e3a0ce8d79ef5030852c51e9d911a27badfde0605293",
                "sha256:055d937d65826939cb044fc8c9b08889e8c743fdc6a32b33e2390f66013e449b",
                "sha256:07751360502caac1c067a8132d150cf3d61339af5691fe9e87803040dbc5db57",
                "sha256:0b4624f379dab24d3725ffde76559cff63d9ec94e1736b556dacdfebe5ab6d4b",
                "sha256:0ce82d761c532fe4ec3f87fc45688bdd3a4c1dc5e0b4a19814b9009a29baefd4",
                "sha256:1e4747bc279b4f613a09eb64bba2ba602d8a6664c6ce6396a4d0cd413a50ce07",
                "sha256:213c60cd50106436cc818accf5baa1aba61c0189ff610f64f4a3e8c6726218ba",
                "sha256:231710d57adfd809ef5d34183b8ed1eeae3f76459c18fb4a0b373ad56bedcdd9",
                "sha256:277a0ef2981ca40581a47093e9e2d13b3f1fbbeffae064c1d21bfceba2030287",
                "sha256:2cd5df3de48857ed0544b34e2d40e9fac445930039f3cfe4bcc592a1f836d513",
                "sha256:40527857252b61eacd1d9af500c3337ba8deb8fc298940291486c465c8b46ec0",
                "sha256:432557aa2c09802be39460360ddffd48156e30721f5e8d917f01d31694216782",
                "sha256:473f9edb243cb1935ab5a084eb238d842fb8f404ed2193a915d1784b5a6b5fc0",
                "sha256:48c346915c114f5fdb3ead70312bd042a953a8ce5c7106d5bfb1a5254e47da92",
                "sha256:50602afada6d6cbfad699b0c7bb50d5ccffa7e46a3d738092afddc1f9758427f",
                "sha256:68fb519c14306fec9720a2a5b45bc9f0c8d1b9c72adf45c37baedfcd949c35a2",
                "sha256:77f396e6ef4c73fdc33a9157446466f1cff553d979bd00ecb64385760c6babdc",
                "sha256:81957921f441d50af23654aa6c5e5eaf9b06aba7f0a19c18a538dc7ef291c5a1",
                "sha256:819b3830a1543db06c4d4b865e70ded25be52a2e0631ccd2f6a47a2822f2fd7c",
                "sha256:897b80890765f037df3403d22bab41627ca8811ae55e9a722fd0392850ec4d86",
                "sha256:98c4d36e99714e55cfbaaee6dd5badbc9a1ec339ebfc3b1f52e293aee6bb71a4",
                "sha256:9df7ed3b3d2e0ecfe09e14741b857df43adb5a3ddadc919a2d94fbdf78fea53c",
                "sha256:9fa600030013c4de8165339db93d182b9431076eb98eb40ee068700c9c813e34",
                "sha256:a80a78046a72361de73f8f395f1f1e49f956c6be882eed58505a15f3e430962b",
                "sha256:afa17f5bc4d1b10afd4466fd3a44dc0e245382deca5b3c353d8b757f9e3ecb8d",
                "sha256:b3d267842bf12586ba6c734f89d1f5b871df0273157918b0ccefa29deb05c21c",
                "sha256:b5b9eccad747aabaaffbc6064800670f0c297e52c12754eb1d976c57e4f74dcb",
                "sha256:bfaef573a63ba8923503d27530362590ff4f576c626d86a9fed95822a8255fd7",
                "sha256:c5687b8d43cf58545ade1fe3e055f70eac7a5a1a0bf42824308d868289a95737",
                "sha256:cba8c411ef271aa037d7357a2bc8f9ee8b58b9965831d9e51baf703280dc73d3",
                "sha256:d15a181d1ecd0d4270dc32edb46f7cb7733c7c508857278d3d378d14d606db2d",
                "sha256:d4b0ba9512519522b118090257be113b9468d804b19d63c71dbcf4a48fa32358",
                "sha256:d4db7c7aef085872ef65a8fd7d6d09a14ae91f691dec3e87ee5ee0539d516f53",
                "sha256:d4eccecf9adf6fbcc6861a38015c2a64f38b9d94838ac1810a9023a0609e1b78",
                "sha256:d67d839ede4ed1b28a4e8909735fc992a923cdb84e618544973d7dfc71540803",
                "sha256:daf496c58a8c52083df09b80c860005194014c3698698d1a57cbcfa182142a3a",
                "sha256:dbad0e9d368bb989f4515da330b88a057617d16b6a8245084f1b05400f24609f",
                "sha256:e61ceaab6f49fb8bdfaa0f92c4b57bcfbea54c09277b1b4f7ac376bfb7a7c174",
                "sha256:f84fbc98b019fef2ee9a1cb3ce93e3187a6df0b2538a651bfb890254ba9f90b5"
            ],
            "index": "pypi",
            "version": "==6.0"
        },
        "requests": {
            "hashes": [
                "sha256:f2c3881dddb70d056c5bd7600a4fae312b2a300e39be6a118d30b90bd27262b5",
                "sha256:fa5490319474c82ef1d2c9bc459d3652e3ae4ef4c4ebdd18a21145a47ca4b6b8"
            ],
            "index": "pypi",
            "markers": "python_version >= '3.8'",
            "version": "==2.32.0"
        },
        "urllib3": {
            "hashes": [
                "sha256:450b20ec296a467077128bff42b73080516e71b56ff59a60a02bef2232c4fa9d",
                "sha256:d0570876c61ab9e520d776c38acbbb5b05a776d3f9ff98a5c8fd5162a444cf19"
            ],
            "markers": "python_version >= '3.8'",
            "version": "==2.2.1"
        }
    },
    "develop": {}
}
